// !$*UTF8*$!
{
	archiveVersion = 1;
	classes = {
	};
	objectVersion = 56;
	objects = {

/* Begin PBXBuildFile section */
		0A0001010000000000000001 /* FPVHUDApp.swift in Sources */ = {isa = PBXBuildFile; fileRef = 0A0002010000000000000001 /* FPVHUDApp.swift */; };
		0A0001010000000000000002 /* FPVHUDViewModel.swift in Sources */ = {isa = PBXBuildFile; fileRef = 0A0002010000000000000002 /* FPVHUDViewModel.swift */; };
		0A0001010000000000000003 /* RootView.swift in Sources */ = {isa = PBXBuildFile; fileRef = 0A0002010000000000000003 /* RootView.swift */; };
		0A0001010000000000000004 /* SettingsPanelView.swift in Sources */ = {isa = PBXBuildFile; fileRef = 0A0002010000000000000004 /* SettingsPanelView.swift */; };
		0A0001010000000000000005 /* FPVHUDView.swift in Sources */ = {isa = PBXBuildFile; fileRef = 0A0002010000000000000005 /* FPVHUDView.swift */; };
		0A0001010000000000000006 /* CrosshairView.swift in Sources */ = {isa = PBXBuildFile; fileRef = 0A0002010000000000000006 /* CrosshairView.swift */; };
		0A0001010000000000000007 /* HUDComponents.swift in Sources */ = {isa = PBXBuildFile; fileRef = 0A0002010000000000000007 /* HUDComponents.swift */; };
		0A0001010000000000000008 /* TelemetryState.swift in Sources */ = {isa = PBXBuildFile; fileRef = 0A0002010000000000000008 /* TelemetryState.swift */; };
		0A0001010000000000000009 /* MotionState.swift in Sources */ = {isa = PBXBuildFile; fileRef = 0A0002010000000000000009 /* MotionState.swift */; };
		0A000101000000000000000A /* HeadTrackingPacket.swift in Sources */ = {isa = PBXBuildFile; fileRef = 0A000201000000000000000A /* HeadTrackingPacket.swift */; };
		0A000101000000000000000B /* AppSettings.swift in Sources */ = {isa = PBXBuildFile; fileRef = 0A000201000000000000000B /* AppSettings.swift */; };
		0A000101000000000000000C /* TelemetryService.swift in Sources */ = {isa = PBXBuildFile; fileRef = 0A000201000000000000000C /* TelemetryService.swift */; };
		0A000101000000000000000D /* DemoTelemetrySource.swift in Sources */ = {isa = PBXBuildFile; fileRef = 0A000201000000000000000D /* DemoTelemetrySource.swift */; };
		0A000101000000000000000E /* MotionService.swift in Sources */ = {isa = PBXBuildFile; fileRef = 0A000201000000000000000E /* MotionService.swift */; };
		0A000101000000000000000F /* CoreMotionService.swift in Sources */ = {isa = PBXBuildFile; fileRef = 0A000201000000000000000F /* CoreMotionService.swift */; };
		0A0001010000000000000010 /* MockMotionService.swift in Sources */ = {isa = PBXBuildFile; fileRef = 0A0002010000000000000010 /* MockMotionService.swift */; };
		0A0001010000000000000011 /* UDPTelemetryReceiver.swift in Sources */ = {isa = PBXBuildFile; fileRef = 0A0002010000000000000011 /* UDPTelemetryReceiver.swift */; };
		0A0001010000000000000012 /* HeadTrackingSender.swift in Sources */ = {isa = PBXBuildFile; fileRef = 0A0002010000000000000012 /* HeadTrackingSender.swift */; };
		0A0001010000000000000013 /* VideoSurface.swift in Sources */ = {isa = PBXBuildFile; fileRef = 0A0002010000000000000013 /* VideoSurface.swift */; };
		0A0001010000000000000014 /* FutureRTPHEVCReceiver.swift in Sources */ = {isa = PBXBuildFile; fileRef = 0A0002010000000000000014 /* FutureRTPHEVCReceiver.swift */; };
		0A0001010000000000000015 /* Formatters.swift in Sources */ = {isa = PBXBuildFile; fileRef = 0A0002010000000000000015 /* Formatters.swift */; };
		0A0001010000000000000016 /* TelemetryParsingTests.swift in Sources */ = {isa = PBXBuildFile; fileRef = 0A0002010000000000000016 /* TelemetryParsingTests.swift */; };
		0A0001010000000000000017 /* AppIcon60x60@2x.png in Resources */ = {isa = PBXBuildFile; fileRef = 0A000201000000000000001A /* AppIcon60x60@2x.png */; };
		0A0001010000000000000018 /* AppIcon60x60@3x.png in Resources */ = {isa = PBXBuildFile; fileRef = 0A000201000000000000001B /* AppIcon60x60@3x.png */; };
		0A0001010000000000000019 /* APFPVDiagnosticReceiver.swift in Sources */ = {isa = PBXBuildFile; fileRef = 0A000201000000000000001C /* APFPVDiagnosticReceiver.swift */; };
/* End PBXBuildFile section */

/* Begin PBXContainerItemProxy section */
		0A0003010000000000000001 /* PBXContainerItemProxy */ = {
			isa = PBXContainerItemProxy;
			containerPortal = 0A0000010000000000000001 /* Project object */;
			proxyType = 1;
			remoteGlobalIDString = 0A0004010000000000000001;
			remoteInfo = FPVHUDApp;
		};
/* End PBXContainerItemProxy section */

/* Begin PBXFileReference section */
		0A0002010000000000000001 /* FPVHUDApp.swift */ = {isa = PBXFileReference; lastKnownFileType = sourcecode.swift; path = FPVHUDApp.swift; sourceTree = "<group>"; };
		0A0002010000000000000002 /* FPVHUDViewModel.swift */ = {isa = PBXFileReference; lastKnownFileType = sourcecode.swift; path = FPVHUDViewModel.swift; sourceTree = "<group>"; };
		0A0002010000000000000003 /* RootView.swift */ = {isa = PBXFileReference; lastKnownFileType = sourcecode.swift; path = RootView.swift; sourceTree = "<group>"; };
		0A0002010000000000000004 /* SettingsPanelView.swift */ = {isa = PBXFileReference; lastKnownFileType = sourcecode.swift; path = SettingsPanelView.swift; sourceTree = "<group>"; };
		0A0002010000000000000005 /* FPVHUDView.swift */ = {isa = PBXFileReference; lastKnownFileType = sourcecode.swift; path = FPVHUDView.swift; sourceTree = "<group>"; };
		0A0002010000000000000006 /* CrosshairView.swift */ = {isa = PBXFileReference; lastKnownFileType = sourcecode.swift; path = CrosshairView.swift; sourceTree = "<group>"; };
		0A0002010000000000000007 /* HUDComponents.swift */ = {isa = PBXFileReference; lastKnownFileType = sourcecode.swift; path = HUDComponents.swift; sourceTree = "<group>"; };
		0A0002010000000000000008 /* TelemetryState.swift */ = {isa = PBXFileReference; lastKnownFileType = sourcecode.swift; path = TelemetryState.swift; sourceTree = "<group>"; };
		0A0002010000000000000009 /* MotionState.swift */ = {isa = PBXFileReference; lastKnownFileType = sourcecode.swift; path = MotionState.swift; sourceTree = "<group>"; };
		0A000201000000000000000A /* HeadTrackingPacket.swift */ = {isa = PBXFileReference; lastKnownFileType = sourcecode.swift; path = HeadTrackingPacket.swift; sourceTree = "<group>"; };
		0A000201000000000000000B /* AppSettings.swift */ = {isa = PBXFileReference; lastKnownFileType = sourcecode.swift; path = AppSettings.swift; sourceTree = "<group>"; };
		0A000201000000000000000C /* TelemetryService.swift */ = {isa = PBXFileReference; lastKnownFileType = sourcecode.swift; path = TelemetryService.swift; sourceTree = "<group>"; };
		0A000201000000000000000D /* DemoTelemetrySource.swift */ = {isa = PBXFileReference; lastKnownFileType = sourcecode.swift; path = DemoTelemetrySource.swift; sourceTree = "<group>"; };
		0A000201000000000000000E /* MotionService.swift */ = {isa = PBXFileReference; lastKnownFileType = sourcecode.swift; path = MotionService.swift; sourceTree = "<group>"; };
		0A000201000000000000000F /* CoreMotionService.swift */ = {isa = PBXFileReference; lastKnownFileType = sourcecode.swift; path = CoreMotionService.swift; sourceTree = "<group>"; };
		0A0002010000000000000010 /* MockMotionService.swift */ = {isa = PBXFileReference; lastKnownFileType = sourcecode.swift; path = MockMotionService.swift; sourceTree = "<group>"; };
		0A0002010000000000000011 /* UDPTelemetryReceiver.swift */ = {isa = PBXFileReference; lastKnownFileType = sourcecode.swift; path = UDPTelemetryReceiver.swift; sourceTree = "<group>"; };
		0A0002010000000000000012 /* HeadTrackingSender.swift */ = {isa = PBXFileReference; lastKnownFileType = sourcecode.swift; path = HeadTrackingSender.swift; sourceTree = "<group>"; };
		0A0002010000000000000013 /* VideoSurface.swift */ = {isa = PBXFileReference; lastKnownFileType = sourcecode.swift; path = VideoSurface.swift; sourceTree = "<group>"; };
		0A0002010000000000000014 /* FutureRTPHEVCReceiver.swift */ = {isa = PBXFileReference; lastKnownFileType = sourcecode.swift; path = FutureRTPHEVCReceiver.swift; sourceTree = "<group>"; };
		0A0002010000000000000015 /* Formatters.swift */ = {isa = PBXFileReference; lastKnownFileType = sourcecode.swift; path = Formatters.swift; sourceTree = "<group>"; };
		0A0002010000000000000016 /* TelemetryParsingTests.swift */ = {isa = PBXFileReference; lastKnownFileType = sourcecode.swift; path = TelemetryParsingTests.swift; sourceTree = "<group>"; };
		0A0002010000000000000017 /* FPVHUDApp.app */ = {isa = PBXFileReference; explicitFileType = wrapper.application; includeInIndex = 0; path = FPVHUDApp.app; sourceTree = BUILT_PRODUCTS_DIR; };
		0A0002010000000000000018 /* FPVHUDAppTests.xctest */ = {isa = PBXFileReference; explicitFileType = wrapper.cfbundle; includeInIndex = 0; path = FPVHUDAppTests.xctest; sourceTree = BUILT_PRODUCTS_DIR; };
		0A0002010000000000000019 /* Info.plist */ = {isa = PBXFileReference; lastKnownFileType = text.plist.xml; path = Info.plist; sourceTree = "<group>"; };
		0A000201000000000000001A /* AppIcon60x60@2x.png */ = {isa = PBXFileReference; lastKnownFileType = image.png; path = "AppIcon60x60@2x.png"; sourceTree = "<group>"; };
		0A000201000000000000001B /* AppIcon60x60@3x.png */ = {isa = PBXFileReference; lastKnownFileType = image.png; path = "AppIcon60x60@3x.png"; sourceTree = "<group>"; };
		0A000201000000000000001C /* APFPVDiagnosticReceiver.swift */ = {isa = PBXFileReference; lastKnownFileType = sourcecode.swift; path = APFPVDiagnosticReceiver.swift; sourceTree = "<group>"; };
/* End PBXFileReference section */

/* Begin PBXFrameworksBuildPhase section */
		0A0005010000000000000001 /* Frameworks */ = {
			isa = PBXFrameworksBuildPhase;
			buildActionMask = 2147483647;
			files = (
			);
			runOnlyForDeploymentPostprocessing = 0;
		};
		0A0005010000000000000002 /* Frameworks */ = {
			isa = PBXFrameworksBuildPhase;
			buildActionMask = 2147483647;
			files = (
			);
			runOnlyForDeploymentPostprocessing = 0;
		};
/* End PBXFrameworksBuildPhase section */

/* Begin PBXGroup section */
		0A0006010000000000000001 = {
			isa = PBXGroup;
			children = (
				0A0006010000000000000002 /* FPVHUDApp */,
				0A0006010000000000000010 /* FPVHUDAppTests */,
				0A0006010000000000000011 /* Products */,
			);
			sourceTree = "<group>";
		};
		0A0006010000000000000002 /* FPVHUDApp */ = {
			isa = PBXGroup;
			children = (
				0A0006010000000000000003 /* App */,
				0A0002010000000000000019 /* Info.plist */,
				0A0006010000000000000012 /* Resources */,
				0A0006010000000000000004 /* UI */,
				0A0006010000000000000008 /* Models */,
				0A0006010000000000000009 /* Telemetry */,
				0A000601000000000000000A /* Motion */,
				0A000601000000000000000B /* Networking */,
				0A000601000000000000000C /* Video */,
				0A000601000000000000000D /* Settings */,
				0A000601000000000000000E /* Utilities */,
			);
			path = FPVHUDApp;
			sourceTree = "<group>";
		};
		0A0006010000000000000003 /* App */ = {
			isa = PBXGroup;
			children = (
				0A0002010000000000000001 /* FPVHUDApp.swift */,
				0A0002010000000000000002 /* FPVHUDViewModel.swift */,
			);
			path = App;
			sourceTree = "<group>";
		};
		0A0006010000000000000004 /* UI */ = {
			isa = PBXGroup;
			children = (
				0A0006010000000000000005 /* HUD */,
				0A0006010000000000000006 /* Screens */,
				0A0006010000000000000007 /* Components */,
			);
			path = UI;
			sourceTree = "<group>";
		};
		0A0006010000000000000005 /* HUD */ = {
			isa = PBXGroup;
			children = (
				0A0002010000000000000005 /* FPVHUDView.swift */,
				0A0002010000000000000006 /* CrosshairView.swift */,
			);
			path = HUD;
			sourceTree = "<group>";
		};
		0A0006010000000000000006 /* Screens */ = {
			isa = PBXGroup;
			children = (
				0A0002010000000000000003 /* RootView.swift */,
				0A0002010000000000000004 /* SettingsPanelView.swift */,
			);
			path = Screens;
			sourceTree = "<group>";
		};
		0A0006010000000000000007 /* Components */ = {
			isa = PBXGroup;
			children = (
				0A0002010000000000000007 /* HUDComponents.swift */,
			);
			path = Components;
			sourceTree = "<group>";
		};
		0A0006010000000000000008 /* Models */ = {
			isa = PBXGroup;
			children = (
				0A0002010000000000000008 /* TelemetryState.swift */,
				0A0002010000000000000009 /* MotionState.swift */,
				0A000201000000000000000A /* HeadTrackingPacket.swift */,
			);
			path = Models;
			sourceTree = "<group>";
		};
		0A0006010000000000000009 /* Telemetry */ = {
			isa = PBXGroup;
			children = (
				0A000201000000000000000C /* TelemetryService.swift */,
				0A000201000000000000000D /* DemoTelemetrySource.swift */,
			);
			path = Telemetry;
			sourceTree = "<group>";
		};
		0A000601000000000000000A /* Motion */ = {
			isa = PBXGroup;
			children = (
				0A000201000000000000000E /* MotionService.swift */,
				0A000201000000000000000F /* CoreMotionService.swift */,
				0A0002010000000000000010 /* MockMotionService.swift */,
			);
			path = Motion;
			sourceTree = "<group>";
		};
		0A000601000000000000000B /* Networking */ = {
			isa = PBXGroup;
			children = (
				0A0002010000000000000011 /* UDPTelemetryReceiver.swift */,
				0A0002010000000000000012 /* HeadTrackingSender.swift */,
			);
			path = Networking;
			sourceTree = "<group>";
		};
		0A000601000000000000000C /* Video */ = {
			isa = PBXGroup;
			children = (
				0A0002010000000000000013 /* VideoSurface.swift */,
				0A0002010000000000000014 /* FutureRTPHEVCReceiver.swift */,
				0A000201000000000000001C /* APFPVDiagnosticReceiver.swift */,
			);
			path = Video;
			sourceTree = "<group>";
		};
		0A000601000000000000000D /* Settings */ = {
			isa = PBXGroup;
			children = (
				0A000201000000000000000B /* AppSettings.swift */,
			);
			path = Settings;
			sourceTree = "<group>";
		};
		0A000601000000000000000E /* Utilities */ = {
			isa = PBXGroup;
			children = (
				0A0002010000000000000015 /* Formatters.swift */,
			);
			path = Utilities;
			sourceTree = "<group>";
		};
		0A0006010000000000000012 /* Resources */ = {
			isa = PBXGroup;
			children = (
				0A000201000000000000001A /* AppIcon60x60@2x.png */,
				0A000201000000000000001B /* AppIcon60x60@3x.png */,
			);
			path = Resources;
			sourceTree = "<group>";
		};
		0A0006010000000000000010 /* FPVHUDAppTests */ = {
			isa = PBXGroup;
			children = (
				0A0002010000000000000016 /* TelemetryParsingTests.swift */,
			);
			path = FPVHUDAppTests;
			sourceTree = "<group>";
		};
		0A0006010000000000000011 /* Products */ = {
			isa = PBXGroup;
			children = (
				0A0002010000000000000017 /* FPVHUDApp.app */,
				0A0002010000000000000018 /* FPVHUDAppTests.xctest */,
			);
			name = Products;
			sourceTree = "<group>";
		};
/* End PBXGroup section */

/* Begin PBXNativeTarget section */
		0A0004010000000000000001 /* FPVHUDApp */ = {
			isa = PBXNativeTarget;
			buildConfigurationList = 0A0008010000000000000001 /* Build configuration list for PBXNativeTarget "FPVHUDApp" */;
			buildPhases = (
				0A0007010000000000000001 /* Sources */,
				0A0005010000000000000001 /* Frameworks */,
				0A0009010000000000000001 /* Resources */,
			);
			buildRules = (
			);
			dependencies = (
			);
			name = FPVHUDApp;
			productName = FPVHUDApp;
			productReference = 0A0002010000000000000017 /* FPVHUDApp.app */;
			productType = "com.apple.product-type.application";
		};
		0A0004010000000000000002 /* FPVHUDAppTests */ = {
			isa = PBXNativeTarget;
			buildConfigurationList = 0A0008010000000000000002 /* Build configuration list for PBXNativeTarget "FPVHUDAppTests" */;
			buildPhases = (
				0A0007010000000000000002 /* Sources */,
				0A0005010000000000000002 /* Frameworks */,
				0A0009010000000000000002 /* Resources */,
			);
			buildRules = (
			);
			dependencies = (
				0A000A010000000000000001 /* PBXTargetDependency */,
			);
			name = FPVHUDAppTests;
			productName = FPVHUDAppTests;
			productReference = 0A0002010000000000000018 /* FPVHUDAppTests.xctest */;
			productType = "com.apple.product-type.bundle.unit-test";
		};
/* End PBXNativeTarget section */

/* Begin PBXProject section */
		0A0000010000000000000001 /* Project object */ = {
			isa = PBXProject;
			attributes = {
				BuildIndependentTargetsInParallel = 1;
				LastSwiftUpdateCheck = 1600;
				LastUpgradeCheck = 1600;
				TargetAttributes = {
					0A0004010000000000000001 = {
						CreatedOnToolsVersion = 16.0;
					};
					0A0004010000000000000002 = {
						CreatedOnToolsVersion = 16.0;
						TestTargetID = 0A0004010000000000000001;
					};
				};
			};
			buildConfigurationList = 0A0008010000000000000003 /* Build configuration list for PBXProject "FPVHUDApp" */;
			compatibilityVersion = "Xcode 14.0";
			developmentRegion = en;
			hasScannedForEncodings = 0;
			knownRegions = (
				en,
				Base,
			);
			mainGroup = 0A0006010000000000000001;
			productRefGroup = 0A0006010000000000000011 /* Products */;
			projectDirPath = "";
			projectRoot = "";
			targets = (
				0A0004010000000000000001 /* FPVHUDApp */,
				0A0004010000000000000002 /* FPVHUDAppTests */,
			);
		};
/* End PBXProject section */

/* Begin PBXResourcesBuildPhase section */
		0A0009010000000000000001 /* Resources */ = {
			isa = PBXResourcesBuildPhase;
			buildActionMask = 2147483647;
			files = (
				0A0001010000000000000017 /* AppIcon60x60@2x.png in Resources */,
				0A0001010000000000000018 /* AppIcon60x60@3x.png in Resources */,
			);
			runOnlyForDeploymentPostprocessing = 0;
		};
		0A0009010000000000000002 /* Resources */ = {
			isa = PBXResourcesBuildPhase;
			buildActionMask = 2147483647;
			files = (
			);
			runOnlyForDeploymentPostprocessing = 0;
		};
/* End PBXResourcesBuildPhase section */

/* Begin PBXSourcesBuildPhase section */
		0A0007010000000000000001 /* Sources */ = {
			isa = PBXSourcesBuildPhase;
			buildActionMask = 2147483647;
			files = (
				0A0001010000000000000001 /* FPVHUDApp.swift in Sources */,
				0A0001010000000000000002 /* FPVHUDViewModel.swift in Sources */,
				0A0001010000000000000003 /* RootView.swift in Sources */,
				0A0001010000000000000004 /* SettingsPanelView.swift in Sources */,
				0A0001010000000000000005 /* FPVHUDView.swift in Sources */,
				0A0001010000000000000006 /* CrosshairView.swift in Sources */,
				0A0001010000000000000007 /* HUDComponents.swift in Sources */,
				0A0001010000000000000008 /* TelemetryState.swift in Sources */,
				0A0001010000000000000009 /* MotionState.swift in Sources */,
				0A000101000000000000000A /* HeadTrackingPacket.swift in Sources */,
				0A000101000000000000000B /* AppSettings.swift in Sources */,
				0A000101000000000000000C /* TelemetryService.swift in Sources */,
				0A000101000000000000000D /* DemoTelemetrySource.swift in Sources */,
				0A000101000000000000000E /* MotionService.swift in Sources */,
				0A000101000000000000000F /* CoreMotionService.swift in Sources */,
				0A0001010000000000000010 /* MockMotionService.swift in Sources */,
				0A0001010000000000000011 /* UDPTelemetryReceiver.swift in Sources */,
				0A0001010000000000000012 /* HeadTrackingSender.swift in Sources */,
				0A0001010000000000000013 /* VideoSurface.swift in Sources */,
				0A0001010000000000000014 /* FutureRTPHEVCReceiver.swift in Sources */,
				0A0001010000000000000019 /* APFPVDiagnosticReceiver.swift in Sources */,
				0A0001010000000000000015 /* Formatters.swift in Sources */,
			);
			runOnlyForDeploymentPostprocessing = 0;
		};
		0A0007010000000000000002 /* Sources */ = {
			isa = PBXSourcesBuildPhase;
			buildActionMask = 2147483647;
			files = (
				0A0001010000000000000016 /* TelemetryParsingTests.swift in Sources */,
			);
			runOnlyForDeploymentPostprocessing = 0;
		};
/* End PBXSourcesBuildPhase section */

/* Begin PBXTargetDependency section */
		0A000A010000000000000001 /* PBXTargetDependency */ = {
			isa = PBXTargetDependency;
			target = 0A0004010000000000000001 /* FPVHUDApp */;
			targetProxy = 0A0003010000000000000001 /* PBXContainerItemProxy */;
		};
/* End PBXTargetDependency section */

/* Begin XCBuildConfiguration section */
		0A000B010000000000000001 /* Debug */ = {
			isa = XCBuildConfiguration;
			buildSettings = {
				ALWAYS_SEARCH_USER_PATHS = NO;
				CLANG_ANALYZER_NONNULL = YES;
				CLANG_ANALYZER_NUMBER_OBJECT_CONVERSION = YES_AGGRESSIVE;
				CLANG_CXX_LANGUAGE_STANDARD = "gnu++20";
				CLANG_ENABLE_MODULES = YES;
				CLANG_ENABLE_OBJC_ARC = YES;
				CLANG_ENABLE_OBJC_WEAK = YES;
				CLANG_WARN_BLOCK_CAPTURE_AUTORELEASING = YES;
				CLANG_WARN_BOOL_CONVERSION = YES;
				CLANG_WARN_COMMA = YES;
				CLANG_WARN_CONSTANT_CONVERSION = YES;
				CLANG_WARN_DEPRECATED_OBJC_IMPLEMENTATIONS = YES;
				CLANG_WARN_DIRECT_OBJC_ISA_USAGE = YES_ERROR;
				CLANG_WARN_DOCUMENTATION_COMMENTS = YES;
				CLANG_WARN_EMPTY_BODY = YES;
				CLANG_WARN_ENUM_CONVERSION = YES;
				CLANG_WARN_INFINITE_RECURSION = YES;
				CLANG_WARN_INT_CONVERSION = YES;
				CLANG_WARN_NON_LITERAL_NULL_CONVERSION = YES;
				CLANG_WARN_OBJC_IMPLICIT_RETAIN_SELF = YES;
				CLANG_WARN_OBJC_LITERAL_CONVERSION = YES;
				CLANG_WARN_OBJC_ROOT_CLASS = YES_ERROR;
				CLANG_WARN_QUOTED_INCLUDE_IN_FRAMEWORK_HEADER = YES;
				CLANG_WARN_RANGE_LOOP_ANALYSIS = YES;
				CLANG_WARN_STRICT_PROTOTYPES = YES;
				CLANG_WARN_SUSPICIOUS_MOVE = YES;
				CLANG_WARN_UNGUARDED_AVAILABILITY = YES_AGGRESSIVE;
				CLANG_WARN_UNREACHABLE_CODE = YES;
				CLANG_WARN__DUPLICATE_METHOD_MATCH = YES;
				COPY_PHASE_STRIP = NO;
				DEBUG_INFORMATION_FORMAT = dwarf;
				ENABLE_STRICT_OBJC_MSGSEND = YES;
				ENABLE_TESTABILITY = YES;
				ENABLE_USER_SCRIPT_SANDBOXING = YES;
				GCC_C_LANGUAGE_STANDARD = gnu17;
				GCC_DYNAMIC_NO_PIC = NO;
				GCC_NO_COMMON_BLOCKS = YES;
				GCC_OPTIMIZATION_LEVEL = 0;
				GCC_PREPROCESSOR_DEFINITIONS = (
					"DEBUG=1",
					"$(inherited)",
				);
				GCC_WARN_64_TO_32_BIT_CONVERSION = YES;
				GCC_WARN_ABOUT_RETURN_TYPE = YES_ERROR;
				GCC_WARN_UNDECLARED_SELECTOR = YES;
				GCC_WARN_UNINITIALIZED_AUTOS = YES_AGGRESSIVE;
				GCC_WARN_UNUSED_FUNCTION = YES;
				GCC_WARN_UNUSED_VARIABLE = YES;
				IPHONEOS_DEPLOYMENT_TARGET = 17.0;
				SDKROOT = iphoneos;
				SWIFT_ACTIVE_COMPILATION_CONDITIONS = DEBUG;
				SWIFT_OPTIMIZATION_LEVEL = "-Onone";
			};
			name = Debug;
		};
		0A000B010000000000000002 /* Release */ = {
			isa = XCBuildConfiguration;
			buildSettings = {
				ALWAYS_SEARCH_USER_PATHS = NO;
				CLANG_ANALYZER_NONNULL = YES;
				CLANG_ANALYZER_NUMBER_OBJECT_CONVERSION = YES_AGGRESSIVE;
				CLANG_CXX_LANGUAGE_STANDARD = "gnu++20";
				CLANG_ENABLE_MODULES = YES;
				CLANG_ENABLE_OBJC_ARC = YES;
				CLANG_ENABLE_OBJC_WEAK = YES;
				CLANG_WARN_BLOCK_CAPTURE_AUTORELEASING = YES;
				CLANG_WARN_BOOL_CONVERSION = YES;
				CLANG_WARN_COMMA = YES;
				CLANG_WARN_CONSTANT_CONVERSION = YES;
				CLANG_WARN_DEPRECATED_OBJC_IMPLEMENTATIONS = YES;
				CLANG_WARN_DIRECT_OBJC_ISA_USAGE = YES_ERROR;
				CLANG_WARN_DOCUMENTATION_COMMENTS = YES;
				CLANG_WARN_EMPTY_BODY = YES;
				CLANG_WARN_ENUM_CONVERSION = YES;
				CLANG_WARN_INFINITE_RECURSION = YES;
				CLANG_WARN_INT_CONVERSION = YES;
				CLANG_WARN_NON_LITERAL_NULL_CONVERSION = YES;
				CLANG_WARN_OBJC_IMPLICIT_RETAIN_SELF = YES;
				CLANG_WARN_OBJC_LITERAL_CONVERSION = YES;
				CLANG_WARN_OBJC_ROOT_CLASS = YES_ERROR;
				CLANG_WARN_QUOTED_INCLUDE_IN_FRAMEWORK_HEADER = YES;
				CLANG_WARN_RANGE_LOOP_ANALYSIS = YES;
				CLANG_WARN_STRICT_PROTOTYPES = YES;
				CLANG_WARN_SUSPICIOUS_MOVE = YES;
				CLANG_WARN_UNGUARDED_AVAILABILITY = YES_AGGRESSIVE;
				CLANG_WARN_UNREACHABLE_CODE = YES;
				CLANG_WARN__DUPLICATE_METHOD_MATCH = YES;
				COPY_PHASE_STRIP = NO;
				DEBUG_INFORMATION_FORMAT = "dwarf-with-dsym";
				ENABLE_NS_ASSERTIONS = NO;
				ENABLE_STRICT_OBJC_MSGSEND = YES;
				ENABLE_USER_SCRIPT_SANDBOXING = YES;
				GCC_C_LANGUAGE_STANDARD = gnu17;
				GCC_NO_COMMON_BLOCKS = YES;
				GCC_WARN_64_TO_32_BIT_CONVERSION = YES;
				GCC_WARN_ABOUT_RETURN_TYPE = YES_ERROR;
				GCC_WARN_UNDECLARED_SELECTOR = YES;
				GCC_WARN_UNINITIALIZED_AUTOS = YES_AGGRESSIVE;
				GCC_WARN_UNUSED_FUNCTION = YES;
				GCC_WARN_UNUSED_VARIABLE = YES;
				IPHONEOS_DEPLOYMENT_TARGET = 17.0;
				SDKROOT = iphoneos;
				SWIFT_COMPILATION_MODE = wholemodule;
				VALIDATE_PRODUCT = YES;
			};
			name = Release;
		};
		0A000B010000000000000003 /* Debug */ = {
			isa = XCBuildConfiguration;
			buildSettings = {
				CODE_SIGN_STYLE = Automatic;
				CURRENT_PROJECT_VERSION = 1;
				DEVELOPMENT_ASSET_PATHS = "";
				ENABLE_PREVIEWS = YES;
				GENERATE_INFOPLIST_FILE = NO;
				INFOPLIST_FILE = FPVHUDApp/Info.plist;
				IPHONEOS_DEPLOYMENT_TARGET = 17.0;
				MARKETING_VERSION = 1.0;
				PRODUCT_BUNDLE_IDENTIFIER = com.example.FPVHUDApp;
				PRODUCT_NAME = "$(TARGET_NAME)";
				SDKROOT = iphoneos;
				SUPPORTED_PLATFORMS = "iphoneos iphonesimulator";
				SUPPORTS_MACCATALYST = NO;
				SWIFT_EMIT_LOC_STRINGS = YES;
				SWIFT_VERSION = 5.0;
				TARGETED_DEVICE_FAMILY = 1;
			};
			name = Debug;
		};
		0A000B010000000000000004 /* Release */ = {
			isa = XCBuildConfiguration;
			buildSettings = {
				CODE_SIGN_STYLE = Automatic;
				CURRENT_PROJECT_VERSION = 1;
				DEVELOPMENT_ASSET_PATHS = "";
				ENABLE_PREVIEWS = YES;
				GENERATE_INFOPLIST_FILE = NO;
				INFOPLIST_FILE = FPVHUDApp/Info.plist;
				IPHONEOS_DEPLOYMENT_TARGET = 17.0;
				MARKETING_VERSION = 1.0;
				PRODUCT_BUNDLE_IDENTIFIER = com.example.FPVHUDApp;
				PRODUCT_NAME = "$(TARGET_NAME)";
				SDKROOT = iphoneos;
				SUPPORTED_PLATFORMS = "iphoneos iphonesimulator";
				SUPPORTS_MACCATALYST = NO;
				SWIFT_EMIT_LOC_STRINGS = YES;
				SWIFT_VERSION = 5.0;
				TARGETED_DEVICE_FAMILY = 1;
			};
			name = Release;
		};
		0A000B010000000000000005 /* Debug */ = {
			isa = XCBuildConfiguration;
			buildSettings = {
				BUNDLE_LOADER = "$(TEST_HOST)";
				CODE_SIGN_STYLE = Automatic;
				CURRENT_PROJECT_VERSION = 1;
				GENERATE_INFOPLIST_FILE = YES;
				IPHONEOS_DEPLOYMENT_TARGET = 17.0;
				MARKETING_VERSION = 1.0;
				PRODUCT_BUNDLE_IDENTIFIER = com.example.FPVHUDAppTests;
				PRODUCT_NAME = "$(TARGET_NAME)";
				SDKROOT = iphoneos;
				SUPPORTED_PLATFORMS = "iphoneos iphonesimulator";
				SWIFT_VERSION = 5.0;
				TARGETED_DEVICE_FAMILY = 1;
				TEST_HOST = "$(BUILT_PRODUCTS_DIR)/FPVHUDApp.app/$(BUNDLE_EXECUTABLE_FOLDER_PATH)/FPVHUDApp";
			};
			name = Debug;
		};
		0A000B010000000000000006 /* Release */ = {
			isa = XCBuildConfiguration;
			buildSettings = {
				BUNDLE_LOADER = "$(TEST_HOST)";
				CODE_SIGN_STYLE = Automatic;
				CURRENT_PROJECT_VERSION = 1;
				GENERATE_INFOPLIST_FILE = YES;
				IPHONEOS_DEPLOYMENT_TARGET = 17.0;
				MARKETING_VERSION = 1.0;
				PRODUCT_BUNDLE_IDENTIFIER = com.example.FPVHUDAppTests;
				PRODUCT_NAME = "$(TARGET_NAME)";
				SDKROOT = iphoneos;
				SUPPORTED_PLATFORMS = "iphoneos iphonesimulator";
				SWIFT_VERSION = 5.0;
				TARGETED_DEVICE_FAMILY = 1;
				TEST_HOST = "$(BUILT_PRODUCTS_DIR)/FPVHUDApp.app/$(BUNDLE_EXECUTABLE_FOLDER_PATH)/FPVHUDApp";
			};
			name = Release;
		};
/* End XCBuildConfiguration section */

/* Begin XCConfigurationList section */
		0A0008010000000000000001 /* Build configuration list for PBXNativeTarget "FPVHUDApp" */ = {
			isa = XCConfigurationList;
			buildConfigurations = (
				0A000B010000000000000003 /* Debug */,
				0A000B010000000000000004 /* Release */,
			);
			defaultConfigurationIsVisible = 0;
			defaultConfigurationName = Release;
		};
		0A0008010000000000000002 /* Build configuration list for PBXNativeTarget "FPVHUDAppTests" */ = {
			isa = XCConfigurationList;
			buildConfigurations = (
				0A000B010000000000000005 /* Debug */,
				0A000B010000000000000006 /* Release */,
			);
			defaultConfigurationIsVisible = 0;
			defaultConfigurationName = Release;
		};
		0A0008010000000000000003 /* Build configuration list for PBXProject "FPVHUDApp" */ = {
			isa = XCConfigurationList;
			buildConfigurations = (
				0A000B010000000000000001 /* Debug */,
				0A000B010000000000000002 /* Release */,
			);
			defaultConfigurationIsVisible = 0;
			defaultConfigurationName = Release;
		};
/* End XCConfigurationList section */
	};
	rootObject = 0A0000010000000000000001 /* Project object */;
}
